
Microsoft Visual Studio Solution File, Format Version 12.00
# Visual Studio Version 16
VisualStudioVersion = 16.0.31129.286
MinimumVisualStudioVersion = 10.0.40219.1
Project("{FAE04EC0-301F-11D3-BF4B-00C04F79EFBC}") = "ConsoleApp5", "ConsoleApp5\ConsoleApp5.csproj", "{77BDAF2F-19C7-4F82-92A4-9D96BFBEFCB4}"
EndProject
Global
	GlobalSection(SolutionConfigurationPlatforms) = preSolution
		Debug|Any CPU = Debug|Any CPU
		Release|Any CPU = Release|Any CPU
	EndGlobalSection
	GlobalSection(ProjectConfigurationPlatforms) = postSolution
		{77BDAF2F-19C7-4F82-92A4-9D96BFBEFCB4}.Debug|Any CPU.ActiveCfg = Debug|Any CPU
		{77BDAF2F-19C7-4F82-92A4-9D96BFBEFCB4}.Debug|Any CPU.Build.0 = Debug|Any CPU
		{77BDAF2F-19C7-4F82-92A4-9D96BFBEFCB4}.Release|Any CPU.ActiveCfg = Release|Any CPU
		{77BDAF2F-19C7-4F82-92A4-9D96BFBEFCB4}.Release|Any CPU.Build.0 = Release|Any CPU
	EndGlobalSection
	GlobalSection(SolutionProperties) = preSolution
		HideSolutionNode = FALSE
	EndGlobalSection
	GlobalSection(ExtensibilityGlobals) = postSolution
		SolutionGuid = {1F3953F5-15AF-4D46-9B70-31637E9285B6}
	EndGlobalSection
EndGlobal
